// !$*UTF8*$!
{
	archiveVersion = 1;
	classes = {
	};
	objectVersion = 50;
	objects = {

/* Begin PBXBuildFile section */
		C4A4E04E230FAA2D005984C3 /* VMFeedViewModel.swift in Sources */ = {isa = PBXBuildFile; fileRef = C4A4E04D230FAA2D005984C3 /* VMFeedViewModel.swift */; };
		C4A4E055230FAAC3005984C3 /* Urls.swift in Sources */ = {isa = PBXBuildFile; fileRef = C4A4E04F230FAAC3005984C3 /* Urls.swift */; };
		C4A4E056230FAAC3005984C3 /* Links.swift in Sources */ = {isa = PBXBuildFile; fileRef = C4A4E050230FAAC3005984C3 /* Links.swift */; };
		C4A4E057230FAAC3005984C3 /* VM_Base.swift in Sources */ = {isa = PBXBuildFile; fileRef = C4A4E051230FAAC3005984C3 /* VM_Base.swift */; };
		C4A4E058230FAAC3005984C3 /* Profile_image.swift in Sources */ = {isa = PBXBuildFile; fileRef = C4A4E052230FAAC3005984C3 /* Profile_image.swift */; };
		C4A4E059230FAAC3005984C3 /* Categories.swift in Sources */ = {isa = PBXBuildFile; fileRef = C4A4E053230FAAC3005984C3 /* Categories.swift */; };
		C4A4E05A230FAAC3005984C3 /* User.swift in Sources */ = {isa = PBXBuildFile; fileRef = C4A4E054230FAAC3005984C3 /* User.swift */; };
		C4A4E05D230FBD5E005984C3 /* VMFeedTableViewCell.swift in Sources */ = {isa = PBXBuildFile; fileRef = C4A4E05B230FBD5E005984C3 /* VMFeedTableViewCell.swift */; };
		C4A4E05E230FBD5E005984C3 /* VMFeedTableViewCell.xib in Resources */ = {isa = PBXBuildFile; fileRef = C4A4E05C230FBD5E005984C3 /* VMFeedTableViewCell.xib */; };
		C4A4E060230FCACB005984C3 /* ViewController+TableView.swift in Sources */ = {isa = PBXBuildFile; fileRef = C4A4E05F230FCACB005984C3 /* ViewController+TableView.swift */; };
		C4A98CD0230C03CE000800AF /* AppDelegate.swift in Sources */ = {isa = PBXBuildFile; fileRef = C4A98CCF230C03CE000800AF /* AppDelegate.swift */; };
		C4A98CD2230C03CE000800AF /* ViewController.swift in Sources */ = {isa = PBXBuildFile; fileRef = C4A98CD1230C03CE000800AF /* ViewController.swift */; };
		C4A98CD5230C03CE000800AF /* Main.storyboard in Resources */ = {isa = PBXBuildFile; fileRef = C4A98CD3230C03CE000800AF /* Main.storyboard */; };
		C4A98CD8230C03CE000800AF /* AssignmentMV.xcdatamodeld in Sources */ = {isa = PBXBuildFile; fileRef = C4A98CD6230C03CE000800AF /* AssignmentMV.xcdatamodeld */; };
		C4A98CDA230C03D2000800AF /* Assets.xcassets in Resources */ = {isa = PBXBuildFile; fileRef = C4A98CD9230C03D2000800AF /* Assets.xcassets */; };
		C4A98CDD230C03D2000800AF /* LaunchScreen.storyboard in Resources */ = {isa = PBXBuildFile; fileRef = C4A98CDB230C03D2000800AF /* LaunchScreen.storyboard */; };
		C4A98CE8230C03D2000800AF /* AssignmentMVTests.swift in Sources */ = {isa = PBXBuildFile; fileRef = C4A98CE7230C03D2000800AF /* AssignmentMVTests.swift */; };
		C4A98CF3230C03D3000800AF /* AssignmentMVUITests.swift in Sources */ = {isa = PBXBuildFile; fileRef = C4A98CF2230C03D3000800AF /* AssignmentMVUITests.swift */; };
		C4A98D09230C0B06000800AF /* Enums.swift in Sources */ = {isa = PBXBuildFile; fileRef = C4A98D04230C0B06000800AF /* Enums.swift */; };
		C4A98D0B230C0B06000800AF /* SwiftyApiManager.swift in Sources */ = {isa = PBXBuildFile; fileRef = C4A98D06230C0B06000800AF /* SwiftyApiManager.swift */; };
		C4A98D0C230C0B06000800AF /* Swifty.swift in Sources */ = {isa = PBXBuildFile; fileRef = C4A98D08230C0B06000800AF /* Swifty.swift */; };
/* End PBXBuildFile section */

/* Begin PBXContainerItemProxy section */
		C4A98CE4230C03D2000800AF /* PBXContainerItemProxy */ = {
			isa = PBXContainerItemProxy;
			containerPortal = C4A98CC4230C03CE000800AF /* Project object */;
			proxyType = 1;
			remoteGlobalIDString = C4A98CCB230C03CE000800AF;
			remoteInfo = AssignmentMV;
		};
		C4A98CEF230C03D3000800AF /* PBXContainerItemProxy */ = {
			isa = PBXContainerItemProxy;
			containerPortal = C4A98CC4230C03CE000800AF /* Project object */;
			proxyType = 1;
			remoteGlobalIDString = C4A98CCB230C03CE000800AF;
			remoteInfo = AssignmentMV;
		};
/* End PBXContainerItemProxy section */

/* Begin PBXFileReference section */
		C4A4E04D230FAA2D005984C3 /* VMFeedViewModel.swift */ = {isa = PBXFileReference; lastKnownFileType = sourcecode.swift; path = VMFeedViewModel.swift; sourceTree = "<group>"; };
		C4A4E04F230FAAC3005984C3 /* Urls.swift */ = {isa = PBXFileReference; fileEncoding = 4; lastKnownFileType = sourcecode.swift; path = Urls.swift; sourceTree = "<group>"; };
		C4A4E050230FAAC3005984C3 /* Links.swift */ = {isa = PBXFileReference; fileEncoding = 4; lastKnownFileType = sourcecode.swift; path = Links.swift; sourceTree = "<group>"; };
		C4A4E051230FAAC3005984C3 /* VM_Base.swift */ = {isa = PBXFileReference; fileEncoding = 4; lastKnownFileType = sourcecode.swift; path = VM_Base.swift; sourceTree = "<group>"; };
		C4A4E052230FAAC3005984C3 /* Profile_image.swift */ = {isa = PBXFileReference; fileEncoding = 4; lastKnownFileType = sourcecode.swift; path = Profile_image.swift; sourceTree = "<group>"; };
		C4A4E053230FAAC3005984C3 /* Categories.swift */ = {isa = PBXFileReference; fileEncoding = 4; lastKnownFileType = sourcecode.swift; path = Categories.swift; sourceTree = "<group>"; };
		C4A4E054230FAAC3005984C3 /* User.swift */ = {isa = PBXFileReference; fileEncoding = 4; lastKnownFileType = sourcecode.swift; path = User.swift; sourceTree = "<group>"; };
		C4A4E05B230FBD5E005984C3 /* VMFeedTableViewCell.swift */ = {isa = PBXFileReference; lastKnownFileType = sourcecode.swift; path = VMFeedTableViewCell.swift; sourceTree = "<group>"; };
		C4A4E05C230FBD5E005984C3 /* VMFeedTableViewCell.xib */ = {isa = PBXFileReference; lastKnownFileType = file.xib; path = VMFeedTableViewCell.xib; sourceTree = "<group>"; };
		C4A4E05F230FCACB005984C3 /* ViewController+TableView.swift */ = {isa = PBXFileReference; lastKnownFileType = sourcecode.swift; path = "ViewController+TableView.swift"; sourceTree = "<group>"; };
		C4A98CCC230C03CE000800AF /* AssignmentMV.app */ = {isa = PBXFileReference; explicitFileType = wrapper.application; includeInIndex = 0; path = AssignmentMV.app; sourceTree = BUILT_PRODUCTS_DIR; };
		C4A98CCF230C03CE000800AF /* AppDelegate.swift */ = {isa = PBXFileReference; lastKnownFileType = sourcecode.swift; path = AppDelegate.swift; sourceTree = "<group>"; };
		C4A98CD1230C03CE000800AF /* ViewController.swift */ = {isa = PBXFileReference; lastKnownFileType = sourcecode.swift; path = ViewController.swift; sourceTree = "<group>"; };
		C4A98CD4230C03CE000800AF /* Base */ = {isa = PBXFileReference; lastKnownFileType = file.storyboard; name = Base; path = Base.lproj/Main.storyboard; sourceTree = "<group>"; };
		C4A98CD7230C03CE000800AF /* AssignmentMV.xcdatamodel */ = {isa = PBXFileReference; lastKnownFileType = wrapper.xcdatamodel; path = AssignmentMV.xcdatamodel; sourceTree = "<group>"; };
		C4A98CD9230C03D2000800AF /* Assets.xcassets */ = {isa = PBXFileReference; lastKnownFileType = folder.assetcatalog; path = Assets.xcassets; sourceTree = "<group>"; };
		C4A98CDC230C03D2000800AF /* Base */ = {isa = PBXFileReference; lastKnownFileType = file.storyboard; name = Base; path = Base.lproj/LaunchScreen.storyboard; sourceTree = "<group>"; };
		C4A98CDE230C03D2000800AF /* Info.plist */ = {isa = PBXFileReference; lastKnownFileType = text.plist.xml; path = Info.plist; sourceTree = "<group>"; };
		C4A98CE3230C03D2000800AF /* AssignmentMVTests.xctest */ = {isa = PBXFileReference; explicitFileType = wrapper.cfbundle; includeInIndex = 0; path = AssignmentMVTests.xctest; sourceTree = BUILT_PRODUCTS_DIR; };
		C4A98CE7230C03D2000800AF /* AssignmentMVTests.swift */ = {isa = PBXFileReference; lastKnownFileType = sourcecode.swift; path = AssignmentMVTests.swift; sourceTree = "<group>"; };
		C4A98CE9230C03D2000800AF /* Info.plist */ = {isa = PBXFileReference; lastKnownFileType = text.plist.xml; path = Info.plist; sourceTree = "<group>"; };
		C4A98CEE230C03D2000800AF /* AssignmentMVUITests.xctest */ = {isa = PBXFileReference; explicitFileType = wrapper.cfbundle; includeInIndex = 0; path = AssignmentMVUITests.xctest; sourceTree = BUILT_PRODUCTS_DIR; };
		C4A98CF2230C03D3000800AF /* AssignmentMVUITests.swift */ = {isa = PBXFileReference; lastKnownFileType = sourcecode.swift; path = AssignmentMVUITests.swift; sourceTree = "<group>"; };
		C4A98CF4230C03D3000800AF /* Info.plist */ = {isa = PBXFileReference; lastKnownFileType = text.plist.xml; path = Info.plist; sourceTree = "<group>"; };
		C4A98D04230C0B06000800AF /* Enums.swift */ = {isa = PBXFileReference; fileEncoding = 4; lastKnownFileType = sourcecode.swift; path = Enums.swift; sourceTree = "<group>"; };
		C4A98D06230C0B06000800AF /* SwiftyApiManager.swift */ = {isa = PBXFileReference; fileEncoding = 4; lastKnownFileType = sourcecode.swift; path = SwiftyApiManager.swift; sourceTree = "<group>"; };
		C4A98D07230C0B06000800AF /* SwiftyService.h */ = {isa = PBXFileReference; fileEncoding = 4; lastKnownFileType = sourcecode.c.h; path = SwiftyService.h; sourceTree = "<group>"; };
		C4A98D08230C0B06000800AF /* Swifty.swift */ = {isa = PBXFileReference; fileEncoding = 4; lastKnownFileType = sourcecode.swift; path = Swifty.swift; sourceTree = "<group>"; };
/* End PBXFileReference section */

/* Begin PBXFrameworksBuildPhase section */
		C4A98CC9230C03CE000800AF /* Frameworks */ = {
			isa = PBXFrameworksBuildPhase;
			buildActionMask = 2147483647;
			files = (
			);
			runOnlyForDeploymentPostprocessing = 0;
		};
		C4A98CE0230C03D2000800AF /* Frameworks */ = {
			isa = PBXFrameworksBuildPhase;
			buildActionMask = 2147483647;
			files = (
			);
			runOnlyForDeploymentPostprocessing = 0;
		};
		C4A98CEB230C03D2000800AF /* Frameworks */ = {
			isa = PBXFrameworksBuildPhase;
			buildActionMask = 2147483647;
			files = (
			);
			runOnlyForDeploymentPostprocessing = 0;
		};
/* End PBXFrameworksBuildPhase section */

/* Begin PBXGroup section */
		C4A98CC3230C03CE000800AF = {
			isa = PBXGroup;
			children = (
				C4A98CCE230C03CE000800AF /* AssignmentMV */,
				C4A98CE6230C03D2000800AF /* AssignmentMVTests */,
				C4A98CF1230C03D3000800AF /* AssignmentMVUITests */,
				C4A98CCD230C03CE000800AF /* Products */,
			);
			sourceTree = "<group>";
		};
		C4A98CCD230C03CE000800AF /* Products */ = {
			isa = PBXGroup;
			children = (
				C4A98CCC230C03CE000800AF /* AssignmentMV.app */,
				C4A98CE3230C03D2000800AF /* AssignmentMVTests.xctest */,
				C4A98CEE230C03D2000800AF /* AssignmentMVUITests.xctest */,
			);
			name = Products;
			sourceTree = "<group>";
		};
		C4A98CCE230C03CE000800AF /* AssignmentMV */ = {
			isa = PBXGroup;
			children = (
				C4A98D03230C08DC000800AF /* Framework */,
				C4A98D02230C0874000800AF /* Model */,
				C4A98D00230C0874000800AF /* View */,
				C4A98D01230C0874000800AF /* ViewModel */,
				C4A98CCF230C03CE000800AF /* AppDelegate.swift */,
				C4A98CD9230C03D2000800AF /* Assets.xcassets */,
				C4A98CDE230C03D2000800AF /* Info.plist */,
				C4A98CD6230C03CE000800AF /* AssignmentMV.xcdatamodeld */,
			);
			path = AssignmentMV;
			sourceTree = "<group>";
		};
		C4A98CE6230C03D2000800AF /* AssignmentMVTests */ = {
			isa = PBXGroup;
			children = (
				C4A98CE7230C03D2000800AF /* AssignmentMVTests.swift */,
				C4A98CE9230C03D2000800AF /* Info.plist */,
			);
			path = AssignmentMVTests;
			sourceTree = "<group>";
		};
		C4A98CF1230C03D3000800AF /* AssignmentMVUITests */ = {
			isa = PBXGroup;
			children = (
				C4A98CF2230C03D3000800AF /* AssignmentMVUITests.swift */,
				C4A98CF4230C03D3000800AF /* Info.plist */,
			);
			path = AssignmentMVUITests;
			sourceTree = "<group>";
		};
		C4A98D00230C0874000800AF /* View */ = {
			isa = PBXGroup;
			children = (
				C4A98CD3230C03CE000800AF /* Main.storyboard */,
				C4A98CD1230C03CE000800AF /* ViewController.swift */,
				C4A98CDB230C03D2000800AF /* LaunchScreen.storyboard */,
				C4A4E05B230FBD5E005984C3 /* VMFeedTableViewCell.swift */,
				C4A4E05C230FBD5E005984C3 /* VMFeedTableViewCell.xib */,
				C4A4E05F230FCACB005984C3 /* ViewController+TableView.swift */,
			);
			path = View;
			sourceTree = "<group>";
		};
		C4A98D01230C0874000800AF /* ViewModel */ = {
			isa = PBXGroup;
			children = (
				C4A4E04D230FAA2D005984C3 /* VMFeedViewModel.swift */,
			);
			path = ViewModel;
			sourceTree = "<group>";
		};
		C4A98D02230C0874000800AF /* Model */ = {
			isa = PBXGroup;
			children = (
				C4A4E053230FAAC3005984C3 /* Categories.swift */,
				C4A4E051230FAAC3005984C3 /* VM_Base.swift */,
				C4A4E050230FAAC3005984C3 /* Links.swift */,
				C4A4E052230FAAC3005984C3 /* Profile_image.swift */,
				C4A4E04F230FAAC3005984C3 /* Urls.swift */,
				C4A4E054230FAAC3005984C3 /* User.swift */,
			);
			path = Model;
			sourceTree = "<group>";
		};
		C4A98D03230C08DC000800AF /* Framework */ = {
			isa = PBXGroup;
			children = (
				C4A98D04230C0B06000800AF /* Enums.swift */,
				C4A98D08230C0B06000800AF /* Swifty.swift */,
				C4A98D06230C0B06000800AF /* SwiftyApiManager.swift */,
				C4A98D07230C0B06000800AF /* SwiftyService.h */,
			);
			path = Framework;
			sourceTree = "<group>";
		};
/* End PBXGroup section */

/* Begin PBXNativeTarget section */
		C4A98CCB230C03CE000800AF /* AssignmentMV */ = {
			isa = PBXNativeTarget;
			buildConfigurationList = C4A98CF7230C03D3000800AF /* Build configuration list for PBXNativeTarget "AssignmentMV" */;
			buildPhases = (
				C4A98CC8230C03CE000800AF /* Sources */,
				C4A98CC9230C03CE000800AF /* Frameworks */,
				C4A98CCA230C03CE000800AF /* Resources */,
			);
			buildRules = (
			);
			dependencies = (
			);
			name = AssignmentMV;
			productName = AssignmentMV;
			productReference = C4A98CCC230C03CE000800AF /* AssignmentMV.app */;
			productType = "com.apple.product-type.application";
		};
		C4A98CE2230C03D2000800AF /* AssignmentMVTests */ = {
			isa = PBXNativeTarget;
			buildConfigurationList = C4A98CFA230C03D3000800AF /* Build configuration list for PBXNativeTarget "AssignmentMVTests" */;
			buildPhases = (
				C4A98CDF230C03D2000800AF /* Sources */,
				C4A98CE0230C03D2000800AF /* Frameworks */,
				C4A98CE1230C03D2000800AF /* Resources */,
			);
			buildRules = (
			);
			dependencies = (
				C4A98CE5230C03D2000800AF /* PBXTargetDependency */,
			);
			name = AssignmentMVTests;
			productName = AssignmentMVTests;
			productReference = C4A98CE3230C03D2000800AF /* AssignmentMVTests.xctest */;
			productType = "com.apple.product-type.bundle.unit-test";
		};
		C4A98CED230C03D2000800AF /* AssignmentMVUITests */ = {
			isa = PBXNativeTarget;
			buildConfigurationList = C4A98CFD230C03D3000800AF /* Build configuration list for PBXNativeTarget "AssignmentMVUITests" */;
			buildPhases = (
				C4A98CEA230C03D2000800AF /* Sources */,
				C4A98CEB230C03D2000800AF /* Frameworks */,
				C4A98CEC230C03D2000800AF /* Resources */,
			);
			buildRules = (
			);
			dependencies = (
				C4A98CF0230C03D3000800AF /* PBXTargetDependency */,
			);
			name = AssignmentMVUITests;
			productName = AssignmentMVUITests;
			productReference = C4A98CEE230C03D2000800AF /* AssignmentMVUITests.xctest */;
			productType = "com.apple.product-type.bundle.ui-testing";
		};
/* End PBXNativeTarget section */

/* Begin PBXProject section */
		C4A98CC4230C03CE000800AF /* Project object */ = {
			isa = PBXProject;
			attributes = {
				LastSwiftUpdateCheck = 1020;
				LastUpgradeCheck = 1020;
				ORGANIZATIONNAME = "Himanshu Saraswat";
				TargetAttributes = {
					C4A98CCB230C03CE000800AF = {
						CreatedOnToolsVersion = 10.2.1;
					};
					C4A98CE2230C03D2000800AF = {
						CreatedOnToolsVersion = 10.2.1;
						TestTargetID = C4A98CCB230C03CE000800AF;
					};
					C4A98CED230C03D2000800AF = {
						CreatedOnToolsVersion = 10.2.1;
						TestTargetID = C4A98CCB230C03CE000800AF;
					};
				};
			};
			buildConfigurationList = C4A98CC7230C03CE000800AF /* Build configuration list for PBXProject "AssignmentMV" */;
			compatibilityVersion = "Xcode 9.3";
			developmentRegion = en;
			hasScannedForEncodings = 0;
			knownRegions = (
				en,
				Base,
			);
			mainGroup = C4A98CC3230C03CE000800AF;
			productRefGroup = C4A98CCD230C03CE000800AF /* Products */;
			projectDirPath = "";
			projectRoot = "";
			targets = (
				C4A98CCB230C03CE000800AF /* AssignmentMV */,
				C4A98CE2230C03D2000800AF /* AssignmentMVTests */,
				C4A98CED230C03D2000800AF /* AssignmentMVUITests */,
			);
		};
/* End PBXProject section */

/* Begin PBXResourcesBuildPhase section */
		C4A98CCA230C03CE000800AF /* Resources */ = {
			isa = PBXResourcesBuildPhase;
			buildActionMask = 2147483647;
			files = (
				C4A98CDD230C03D2000800AF /* LaunchScreen.storyboard in Resources */,
				C4A98CDA230C03D2000800AF /* Assets.xcassets in Resources */,
				C4A4E05E230FBD5E005984C3 /* VMFeedTableViewCell.xib in Resources */,
				C4A98CD5230C03CE000800AF /* Main.storyboard in Resources */,
			);
			runOnlyForDeploymentPostprocessing = 0;
		};
		C4A98CE1230C03D2000800AF /* Resources */ = {
			isa = PBXResourcesBuildPhase;
			buildActionMask = 2147483647;
			files = (
			);
			runOnlyForDeploymentPostprocessing = 0;
		};
		C4A98CEC230C03D2000800AF /* Resources */ = {
			isa = PBXResourcesBuildPhase;
			buildActionMask = 2147483647;
			files = (
			);
			runOnlyForDeploymentPostprocessing = 0;
		};
/* End PBXResourcesBuildPhase section */

/* Begin PBXSourcesBuildPhase section */
		C4A98CC8230C03CE000800AF /* Sources */ = {
			isa = PBXSourcesBuildPhase;
			buildActionMask = 2147483647;
			files = (
				C4A4E05A230FAAC3005984C3 /* User.swift in Sources */,
				C4A98D0B230C0B06000800AF /* SwiftyApiManager.swift in Sources */,
				C4A98CD2230C03CE000800AF /* ViewController.swift in Sources */,
				C4A4E04E230FAA2D005984C3 /* VMFeedViewModel.swift in Sources */,
				C4A4E057230FAAC3005984C3 /* VM_Base.swift in Sources */,
				C4A4E055230FAAC3005984C3 /* Urls.swift in Sources */,
				C4A4E059230FAAC3005984C3 /* Categories.swift in Sources */,
				C4A4E056230FAAC3005984C3 /* Links.swift in Sources */,
				C4A4E060230FCACB005984C3 /* ViewController+TableView.swift in Sources */,
				C4A4E05D230FBD5E005984C3 /* VMFeedTableViewCell.swift in Sources */,
				C4A98CD8230C03CE000800AF /* AssignmentMV.xcdatamodeld in Sources */,
				C4A98D0C230C0B06000800AF /* Swifty.swift in Sources */,
				C4A98D09230C0B06000800AF /* Enums.swift in Sources */,
				C4A4E058230FAAC3005984C3 /* Profile_image.swift in Sources */,
				C4A98CD0230C03CE000800AF /* AppDelegate.swift in Sources */,
			);
			runOnlyForDeploymentPostprocessing = 0;
		};
		C4A98CDF230C03D2000800AF /* Sources */ = {
			isa = PBXSourcesBuildPhase;
			buildActionMask = 2147483647;
			files = (
				C4A98CE8230C03D2000800AF /* AssignmentMVTests.swift in Sources */,
			);
			runOnlyForDeploymentPostprocessing = 0;
		};
		C4A98CEA230C03D2000800AF /* Sources */ = {
			isa = PBXSourcesBuildPhase;
			buildActionMask = 2147483647;
			files = (
				C4A98CF3230C03D3000800AF /* AssignmentMVUITests.swift in Sources */,
			);
			runOnlyForDeploymentPostprocessing = 0;
		};
/* End PBXSourcesBuildPhase section */

/* Begin PBXTargetDependency section */
		C4A98CE5230C03D2000800AF /* PBXTargetDependency */ = {
			isa = PBXTargetDependency;
			target = C4A98CCB230C03CE000800AF /* AssignmentMV */;
			targetProxy = C4A98CE4230C03D2000800AF /* PBXContainerItemProxy */;
		};
		C4A98CF0230C03D3000800AF /* PBXTargetDependency */ = {
			isa = PBXTargetDependency;
			target = C4A98CCB230C03CE000800AF /* AssignmentMV */;
			targetProxy = C4A98CEF230C03D3000800AF /* PBXContainerItemProxy */;
		};
/* End PBXTargetDependency section */

/* Begin PBXVariantGroup section */
		C4A98CD3230C03CE000800AF /* Main.storyboard */ = {
			isa = PBXVariantGroup;
			children = (
				C4A98CD4230C03CE000800AF /* Base */,
			);
			name = Main.storyboard;
			sourceTree = "<group>";
		};
		C4A98CDB230C03D2000800AF /* LaunchScreen.storyboard */ = {
			isa = PBXVariantGroup;
			children = (
				C4A98CDC230C03D2000800AF /* Base */,
			);
			name = LaunchScreen.storyboard;
			sourceTree = "<group>";
		};
/* End PBXVariantGroup section */

/* Begin XCBuildConfiguration section */
		C4A98CF5230C03D3000800AF /* Debug */ = {
			isa = XCBuildConfiguration;
			buildSettings = {
				ALWAYS_SEARCH_USER_PATHS = NO;
				CLANG_ANALYZER_NONNULL = YES;
				CLANG_ANALYZER_NUMBER_OBJECT_CONVERSION = YES_AGGRESSIVE;
				CLANG_CXX_LANGUAGE_STANDARD = "gnu++14";
				CLANG_CXX_LIBRARY = "libc++";
				CLANG_ENABLE_MODULES = YES;
				CLANG_ENABLE_OBJC_ARC = YES;
				CLANG_ENABLE_OBJC_WEAK = YES;
				CLANG_WARN_BLOCK_CAPTURE_AUTORELEASING = YES;
				CLANG_WARN_BOOL_CONVERSION = YES;
				CLANG_WARN_COMMA = YES;
				CLANG_WARN_CONSTANT_CONVERSION = YES;
				CLANG_WARN_DEPRECATED_OBJC_IMPLEMENTATIONS = YES;
				CLANG_WARN_DIRECT_OBJC_ISA_USAGE = YES_ERROR;
				CLANG_WARN_DOCUMENTATION_COMMENTS = YES;
				CLANG_WARN_EMPTY_BODY = YES;
				CLANG_WARN_ENUM_CONVERSION = YES;
				CLANG_WARN_INFINITE_RECURSION = YES;
				CLANG_WARN_INT_CONVERSION = YES;
				CLANG_WARN_NON_LITERAL_NULL_CONVERSION = YES;
				CLANG_WARN_OBJC_IMPLICIT_RETAIN_SELF = YES;
				CLANG_WARN_OBJC_LITERAL_CONVERSION = YES;
				CLANG_WARN_OBJC_ROOT_CLASS = YES_ERROR;
				CLANG_WARN_RANGE_LOOP_ANALYSIS = YES;
				CLANG_WARN_STRICT_PROTOTYPES = YES;
				CLANG_WARN_SUSPICIOUS_MOVE = YES;
				CLANG_WARN_UNGUARDED_AVAILABILITY = YES_AGGRESSIVE;
				CLANG_WARN_UNREACHABLE_CODE = YES;
				CLANG_WARN__DUPLICATE_METHOD_MATCH = YES;
				CODE_SIGN_IDENTITY = "iPhone Developer";
				COPY_PHASE_STRIP = NO;
				DEBUG_INFORMATION_FORMAT = dwarf;
				ENABLE_STRICT_OBJC_MSGSEND = YES;
				ENABLE_TESTABILITY = YES;
				GCC_C_LANGUAGE_STANDARD = gnu11;
				GCC_DYNAMIC_NO_PIC = NO;
				GCC_NO_COMMON_BLOCKS = YES;
				GCC_OPTIMIZATION_LEVEL = 0;
				GCC_PREPROCESSOR_DEFINITIONS = (
					"DEBUG=1",
					"$(inherited)",
				);
				GCC_WARN_64_TO_32_BIT_CONVERSION = YES;
				GCC_WARN_ABOUT_RETURN_TYPE = YES_ERROR;
				GCC_WARN_UNDECLARED_SELECTOR = YES;
				GCC_WARN_UNINITIALIZED_AUTOS = YES_AGGRESSIVE;
				GCC_WARN_UNUSED_FUNCTION = YES;
				GCC_WARN_UNUSED_VARIABLE = YES;
				IPHONEOS_DEPLOYMENT_TARGET = 12.2;
				MTL_ENABLE_DEBUG_INFO = INCLUDE_SOURCE;
				MTL_FAST_MATH = YES;
				ONLY_ACTIVE_ARCH = YES;
				SDKROOT = iphoneos;
				SWIFT_ACTIVE_COMPILATION_CONDITIONS = DEBUG;
				SWIFT_OPTIMIZATION_LEVEL = "-Onone";
			};
			name = Debug;
		};
		C4A98CF6230C03D3000800AF /* Release */ = {
			isa = XCBuildConfiguration;
			buildSettings = {
				ALWAYS_SEARCH_USER_PATHS = NO;
				CLANG_ANALYZER_NONNULL = YES;
				CLANG_ANALYZER_NUMBER_OBJECT_CONVERSION = YES_AGGRESSIVE;
				CLANG_CXX_LANGUAGE_STANDARD = "gnu++14";
				CLANG_CXX_LIBRARY = "libc++";
				CLANG_ENABLE_MODULES = YES;
				CLANG_ENABLE_OBJC_ARC = YES;
				CLANG_ENABLE_OBJC_WEAK = YES;
				CLANG_WARN_BLOCK_CAPTURE_AUTORELEASING = YES;
				CLANG_WARN_BOOL_CONVERSION = YES;
				CLANG_WARN_COMMA = YES;
				CLANG_WARN_CONSTANT_CONVERSION = YES;
				CLANG_WARN_DEPRECATED_OBJC_IMPLEMENTATIONS = YES;
				CLANG_WARN_DIRECT_OBJC_ISA_USAGE = YES_ERROR;
				CLANG_WARN_DOCUMENTATION_COMMENTS = YES;
				CLANG_WARN_EMPTY_BODY = YES;
				CLANG_WARN_ENUM_CONVERSION = YES;
				CLANG_WARN_INFINITE_RECURSION = YES;
				CLANG_WARN_INT_CONVERSION = YES;
				CLANG_WARN_NON_LITERAL_NULL_CONVERSION = YES;
				CLANG_WARN_OBJC_IMPLICIT_RETAIN_SELF = YES;
				CLANG_WARN_OBJC_LITERAL_CONVERSION = YES;
				CLANG_WARN_OBJC_ROOT_CLASS = YES_ERROR;
				CLANG_WARN_RANGE_LOOP_ANALYSIS = YES;
				CLANG_WARN_STRICT_PROTOTYPES = YES;
				CLANG_WARN_SUSPICIOUS_MOVE = YES;
				CLANG_WARN_UNGUARDED_AVAILABILITY = YES_AGGRESSIVE;
				CLANG_WARN_UNREACHABLE_CODE = YES;
				CLANG_WARN__DUPLICATE_METHOD_MATCH = YES;
				CODE_SIGN_IDENTITY = "iPhone Developer";
				COPY_PHASE_STRIP = NO;
				DEBUG_INFORMATION_FORMAT = "dwarf-with-dsym";
				ENABLE_NS_ASSERTIONS = NO;
				ENABLE_STRICT_OBJC_MSGSEND = YES;
				GCC_C_LANGUAGE_STANDARD = gnu11;
				GCC_NO_COMMON_BLOCKS = YES;
				GCC_WARN_64_TO_32_BIT_CONVERSION = YES;
				GCC_WARN_ABOUT_RETURN_TYPE = YES_ERROR;
				GCC_WARN_UNDECLARED_SELECTOR = YES;
				GCC_WARN_UNINITIALIZED_AUTOS = YES_AGGRESSIVE;
				GCC_WARN_UNUSED_FUNCTION = YES;
				GCC_WARN_UNUSED_VARIABLE = YES;
				IPHONEOS_DEPLOYMENT_TARGET = 12.2;
				MTL_ENABLE_DEBUG_INFO = NO;
				MTL_FAST_MATH = YES;
				SDKROOT = iphoneos;
				SWIFT_COMPILATION_MODE = wholemodule;
				SWIFT_OPTIMIZATION_LEVEL = "-O";
				VALIDATE_PRODUCT = YES;
			};
			name = Release;
		};
		C4A98CF8230C03D3000800AF /* Debug */ = {
			isa = XCBuildConfiguration;
			buildSettings = {
				ASSETCATALOG_COMPILER_APPICON_NAME = AppIcon;
				CODE_SIGN_STYLE = Automatic;
				INFOPLIST_FILE = AssignmentMV/Info.plist;
				LD_RUNPATH_SEARCH_PATHS = (
					"$(inherited)",
					"@executable_path/Frameworks",
				);
				PRODUCT_BUNDLE_IDENTIFIER = com.test.data.AssignmentMV;
				PRODUCT_NAME = "$(TARGET_NAME)";
				SWIFT_VERSION = 5.0;
				TARGETED_DEVICE_FAMILY = "1,2";
			};
			name = Debug;
		};
		C4A98CF9230C03D3000800AF /* Release */ = {
			isa = XCBuildConfiguration;
			buildSettings = {
				ASSETCATALOG_COMPILER_APPICON_NAME = AppIcon;
				CODE_SIGN_STYLE = Automatic;
				INFOPLIST_FILE = AssignmentMV/Info.plist;
				LD_RUNPATH_SEARCH_PATHS = (
					"$(inherited)",
					"@executable_path/Frameworks",
				);
				PRODUCT_BUNDLE_IDENTIFIER = com.test.data.AssignmentMV;
				PRODUCT_NAME = "$(TARGET_NAME)";
				SWIFT_VERSION = 5.0;
				TARGETED_DEVICE_FAMILY = "1,2";
			};
			name = Release;
		};
		C4A98CFB230C03D3000800AF /* Debug */ = {
			isa = XCBuildConfiguration;
			buildSettings = {
				ALWAYS_EMBED_SWIFT_STANDARD_LIBRARIES = YES;
				BUNDLE_LOADER = "$(TEST_HOST)";
				CODE_SIGN_STYLE = Automatic;
				INFOPLIST_FILE = AssignmentMVTests/Info.plist;
				LD_RUNPATH_SEARCH_PATHS = (
					"$(inherited)",
					"@executable_path/Frameworks",
					"@loader_path/Frameworks",
				);
				PRODUCT_BUNDLE_IDENTIFIER = com.test.data.AssignmentMVTests;
				PRODUCT_NAME = "$(TARGET_NAME)";
				SWIFT_VERSION = 5.0;
				TARGETED_DEVICE_FAMILY = "1,2";
				TEST_HOST = "$(BUILT_PRODUCTS_DIR)/AssignmentMV.app/AssignmentMV";
			};
			name = Debug;
		};
		C4A98CFC230C03D3000800AF /* Release */ = {
			isa = XCBuildConfiguration;
			buildSettings = {
				ALWAYS_EMBED_SWIFT_STANDARD_LIBRARIES = YES;
				BUNDLE_LOADER = "$(TEST_HOST)";
				CODE_SIGN_STYLE = Automatic;
				INFOPLIST_FILE = AssignmentMVTests/Info.plist;
				LD_RUNPATH_SEARCH_PATHS = (
					"$(inherited)",
					"@executable_path/Frameworks",
					"@loader_path/Frameworks",
				);
				PRODUCT_BUNDLE_IDENTIFIER = com.test.data.AssignmentMVTests;
				PRODUCT_NAME = "$(TARGET_NAME)";
				SWIFT_VERSION = 5.0;
				TARGETED_DEVICE_FAMILY = "1,2";
				TEST_HOST = "$(BUILT_PRODUCTS_DIR)/AssignmentMV.app/AssignmentMV";
			};
			name = Release;
		};
		C4A98CFE230C03D3000800AF /* Debug */ = {
			isa = XCBuildConfiguration;
			buildSettings = {
				ALWAYS_EMBED_SWIFT_STANDARD_LIBRARIES = YES;
				CODE_SIGN_STYLE = Automatic;
				INFOPLIST_FILE = AssignmentMVUITests/Info.plist;
				LD_RUNPATH_SEARCH_PATHS = (
					"$(inherited)",
					"@executable_path/Frameworks",
					"@loader_path/Frameworks",
				);
				PRODUCT_BUNDLE_IDENTIFIER = com.test.data.AssignmentMVUITests;
				PRODUCT_NAME = "$(TARGET_NAME)";
				SWIFT_VERSION = 5.0;
				TARGETED_DEVICE_FAMILY = "1,2";
				TEST_TARGET_NAME = AssignmentMV;
			};
			name = Debug;
		};
		C4A98CFF230C03D3000800AF /* Release */ = {
			isa = XCBuildConfiguration;
			buildSettings = {
				ALWAYS_EMBED_SWIFT_STANDARD_LIBRARIES = YES;
				CODE_SIGN_STYLE = Automatic;
				INFOPLIST_FILE = AssignmentMVUITests/Info.plist;
				LD_RUNPATH_SEARCH_PATHS = (
					"$(inherited)",
					"@executable_path/Frameworks",
					"@loader_path/Frameworks",
				);
				PRODUCT_BUNDLE_IDENTIFIER = com.test.data.AssignmentMVUITests;
				PRODUCT_NAME = "$(TARGET_NAME)";
				SWIFT_VERSION = 5.0;
				TARGETED_DEVICE_FAMILY = "1,2";
				TEST_TARGET_NAME = AssignmentMV;
			};
			name = Release;
		};
/* End XCBuildConfiguration section */

/* Begin XCConfigurationList section */
		C4A98CC7230C03CE000800AF /* Build configuration list for PBXProject "AssignmentMV" */ = {
			isa = XCConfigurationList;
			buildConfigurations = (
				C4A98CF5230C03D3000800AF /* Debug */,
				C4A98CF6230C03D3000800AF /* Release */,
			);
			defaultConfigurationIsVisible = 0;
			defaultConfigurationName = Release;
		};
		C4A98CF7230C03D3000800AF /* Build configuration list for PBXNativeTarget "AssignmentMV" */ = {
			isa = XCConfigurationList;
			buildConfigurations = (
				C4A98CF8230C03D3000800AF /* Debug */,
				C4A98CF9230C03D3000800AF /* Release */,
			);
			defaultConfigurationIsVisible = 0;
			defaultConfigurationName = Release;
		};
		C4A98CFA230C03D3000800AF /* Build configuration list for PBXNativeTarget "AssignmentMVTests" */ = {
			isa = XCConfigurationList;
			buildConfigurations = (
				C4A98CFB230C03D3000800AF /* Debug */,
				C4A98CFC230C03D3000800AF /* Release */,
			);
			defaultConfigurationIsVisible = 0;
			defaultConfigurationName = Release;
		};
		C4A98CFD230C03D3000800AF /* Build configuration list for PBXNativeTarget "AssignmentMVUITests" */ = {
			isa = XCConfigurationList;
			buildConfigurations = (
				C4A98CFE230C03D3000800AF /* Debug */,
				C4A98CFF230C03D3000800AF /* Release */,
			);
			defaultConfigurationIsVisible = 0;
			defaultConfigurationName = Release;
		};
/* End XCConfigurationList section */

/* Begin XCVersionGroup section */
		C4A98CD6230C03CE000800AF /* AssignmentMV.xcdatamodeld */ = {
			isa = XCVersionGroup;
			children = (
				C4A98CD7230C03CE000800AF /* AssignmentMV.xcdatamodel */,
			);
			currentVersion = C4A98CD7230C03CE000800AF /* AssignmentMV.xcdatamodel */;
			path = AssignmentMV.xcdatamodeld;
			sourceTree = "<group>";
			versionGroupType = wrapper.xcdatamodel;
		};
/* End XCVersionGroup section */
	};
	rootObject = C4A98CC4230C03CE000800AF /* Project object */;
}
